// !$*UTF8*$!
{
	archiveVersion = 1;
	classes = {
	};
	objectVersion = 50;
	objects = {

/* Begin PBXBuildFile section */
		8D4385A72530A5E2002A8D92 /* AppDelegate.swift in Sources */ = {isa = PBXBuildFile; fileRef = 8D4385A62530A5E2002A8D92 /* AppDelegate.swift */; };
		8D4385A92530A5E2002A8D92 /* SceneDelegate.swift in Sources */ = {isa = PBXBuildFile; fileRef = 8D4385A82530A5E2002A8D92 /* SceneDelegate.swift */; };
		8D4385AB2530A5E2002A8D92 /* ContentView.swift in Sources */ = {isa = PBXBuildFile; fileRef = 8D4385AA2530A5E2002A8D92 /* ContentView.swift */; };
		8D4385AD2530A5E3002A8D92 /* Assets.xcassets in Resources */ = {isa = PBXBuildFile; fileRef = 8D4385AC2530A5E3002A8D92 /* Assets.xcassets */; };
		8D4385B02530A5E3002A8D92 /* Preview Assets.xcassets in Resources */ = {isa = PBXBuildFile; fileRef = 8D4385AF2530A5E3002A8D92 /* Preview Assets.xcassets */; };
		8D4385B32530A5E3002A8D92 /* LaunchScreen.storyboard in Resources */ = {isa = PBXBuildFile; fileRef = 8D4385B12530A5E3002A8D92 /* LaunchScreen.storyboard */; };
		8D4385BE2530A5E3002A8D92 /* WeiboDemoTests.swift in Sources */ = {isa = PBXBuildFile; fileRef = 8D4385BD2530A5E3002A8D92 /* WeiboDemoTests.swift */; };
		8D4385C92530A5E3002A8D92 /* WeiboDemoUITests.swift in Sources */ = {isa = PBXBuildFile; fileRef = 8D4385C82530A5E3002A8D92 /* WeiboDemoUITests.swift */; };
/* End PBXBuildFile section */

/* Begin PBXContainerItemProxy section */
		8D4385BA2530A5E3002A8D92 /* PBXContainerItemProxy */ = {
			isa = PBXContainerItemProxy;
			containerPortal = 8D43859B2530A5E2002A8D92 /* Project object */;
			proxyType = 1;
			remoteGlobalIDString = 8D4385A22530A5E2002A8D92;
			remoteInfo = WeiboDemo;
		};
		8D4385C52530A5E3002A8D92 /* PBXContainerItemProxy */ = {
			isa = PBXContainerItemProxy;
			containerPortal = 8D43859B2530A5E2002A8D92 /* Project object */;
			proxyType = 1;
			remoteGlobalIDString = 8D4385A22530A5E2002A8D92;
			remoteInfo = WeiboDemo;
		};
/* End PBXContainerItemProxy section */

/* Begin PBXFileReference section */
		8D4385A32530A5E2002A8D92 /* WeiboDemo.app */ = {isa = PBXFileReference; explicitFileType = wrapper.application; includeInIndex = 0; path = WeiboDemo.app; sourceTree = BUILT_PRODUCTS_DIR; };
		8D4385A62530A5E2002A8D92 /* AppDelegate.swift */ = {isa = PBXFileReference; lastKnownFileType = sourcecode.swift; path = AppDelegate.swift; sourceTree = "<group>"; };
		8D4385A82530A5E2002A8D92 /* SceneDelegate.swift */ = {isa = PBXFileReference; lastKnownFileType = sourcecode.swift; path = SceneDelegate.swift; sourceTree = "<group>"; };
		8D4385AA2530A5E2002A8D92 /* ContentView.swift */ = {isa = PBXFileReference; lastKnownFileType = sourcecode.swift; path = ContentView.swift; sourceTree = "<group>"; };
		8D4385AC2530A5E3002A8D92 /* Assets.xcassets */ = {isa = PBXFileReference; lastKnownFileType = folder.assetcatalog; path = Assets.xcassets; sourceTree = "<group>"; };
		8D4385AF2530A5E3002A8D92 /* Preview Assets.xcassets */ = {isa = PBXFileReference; lastKnownFileType = folder.assetcatalog; path = "Preview Assets.xcassets"; sourceTree = "<group>"; };
		8D4385B22530A5E3002A8D92 /* Base */ = {isa = PBXFileReference; lastKnownFileType = file.storyboard; name = Base; path = Base.lproj/LaunchScreen.storyboard; sourceTree = "<group>"; };
		8D4385B42530A5E3002A8D92 /* Info.plist */ = {isa = PBXFileReference; lastKnownFileType = text.plist.xml; path = Info.plist; sourceTree = "<group>"; };
		8D4385B92530A5E3002A8D92 /* WeiboDemoTests.xctest */ = {isa = PBXFileReference; explicitFileType = wrapper.cfbundle; includeInIndex = 0; path = WeiboDemoTests.xctest; sourceTree = BUILT_PRODUCTS_DIR; };
		8D4385BD2530A5E3002A8D92 /* WeiboDemoTests.swift */ = {isa = PBXFileReference; lastKnownFileType = sourcecode.swift; path = WeiboDemoTests.swift; sourceTree = "<group>"; };
		8D4385BF2530A5E3002A8D92 /* Info.plist */ = {isa = PBXFileReference; lastKnownFileType = text.plist.xml; path = Info.plist; sourceTree = "<group>"; };
		8D4385C42530A5E3002A8D92 /* WeiboDemoUITests.xctest */ = {isa = PBXFileReference; explicitFileType = wrapper.cfbundle; includeInIndex = 0; path = WeiboDemoUITests.xctest; sourceTree = BUILT_PRODUCTS_DIR; };
		8D4385C82530A5E3002A8D92 /* WeiboDemoUITests.swift */ = {isa = PBXFileReference; lastKnownFileType = sourcecode.swift; path = WeiboDemoUITests.swift; sourceTree = "<group>"; };
		8D4385CA2530A5E3002A8D92 /* Info.plist */ = {isa = PBXFileReference; lastKnownFileType = text.plist.xml; path = Info.plist; sourceTree = "<group>"; };
/* End PBXFileReference section */

/* Begin PBXFrameworksBuildPhase section */
		8D4385A02530A5E2002A8D92 /* Frameworks */ = {
			isa = PBXFrameworksBuildPhase;
			buildActionMask = 2147483647;
			files = (
			);
			runOnlyForDeploymentPostprocessing = 0;
		};
		8D4385B62530A5E3002A8D92 /* Frameworks */ = {
			isa = PBXFrameworksBuildPhase;
			buildActionMask = 2147483647;
			files = (
			);
			runOnlyForDeploymentPostprocessing = 0;
		};
		8D4385C12530A5E3002A8D92 /* Frameworks */ = {
			isa = PBXFrameworksBuildPhase;
			buildActionMask = 2147483647;
			files = (
			);
			runOnlyForDeploymentPostprocessing = 0;
		};
/* End PBXFrameworksBuildPhase section */

/* Begin PBXGroup section */
		8D43859A2530A5E2002A8D92 = {
			isa = PBXGroup;
			children = (
				8D4385A52530A5E2002A8D92 /* WeiboDemo */,
				8D4385BC2530A5E3002A8D92 /* WeiboDemoTests */,
				8D4385C72530A5E3002A8D92 /* WeiboDemoUITests */,
				8D4385A42530A5E2002A8D92 /* Products */,
			);
			sourceTree = "<group>";
		};
		8D4385A42530A5E2002A8D92 /* Products */ = {
			isa = PBXGroup;
			children = (
				8D4385A32530A5E2002A8D92 /* WeiboDemo.app */,
				8D4385B92530A5E3002A8D92 /* WeiboDemoTests.xctest */,
				8D4385C42530A5E3002A8D92 /* WeiboDemoUITests.xctest */,
			);
			name = Products;
			sourceTree = "<group>";
		};
		8D4385A52530A5E2002A8D92 /* WeiboDemo */ = {
			isa = PBXGroup;
			children = (
				8D4385A62530A5E2002A8D92 /* AppDelegate.swift */,
				8D4385A82530A5E2002A8D92 /* SceneDelegate.swift */,
				8D4385AA2530A5E2002A8D92 /* ContentView.swift */,
				8D4385AC2530A5E3002A8D92 /* Assets.xcassets */,
				8D4385B12530A5E3002A8D92 /* LaunchScreen.storyboard */,
				8D4385B42530A5E3002A8D92 /* Info.plist */,
				8D4385AE2530A5E3002A8D92 /* Preview Content */,
			);
			path = WeiboDemo;
			sourceTree = "<group>";
		};
		8D4385AE2530A5E3002A8D92 /* Preview Content */ = {
			isa = PBXGroup;
			children = (
				8D4385AF2530A5E3002A8D92 /* Preview Assets.xcassets */,
			);
			path = "Preview Content";
			sourceTree = "<group>";
		};
		8D4385BC2530A5E3002A8D92 /* WeiboDemoTests */ = {
			isa = PBXGroup;
			children = (
				8D4385BD2530A5E3002A8D92 /* WeiboDemoTests.swift */,
				8D4385BF2530A5E3002A8D92 /* Info.plist */,
			);
			path = WeiboDemoTests;
			sourceTree = "<group>";
		};
		8D4385C72530A5E3002A8D92 /* WeiboDemoUITests */ = {
			isa = PBXGroup;
			children = (
				8D4385C82530A5E3002A8D92 /* WeiboDemoUITests.swift */,
				8D4385CA2530A5E3002A8D92 /* Info.plist */,
			);
			path = WeiboDemoUITests;
			sourceTree = "<group>";
		};
/* End PBXGroup section */

/* Begin PBXNativeTarget section */
		8D4385A22530A5E2002A8D92 /* WeiboDemo */ = {
			isa = PBXNativeTarget;
			buildConfigurationList = 8D4385CD2530A5E3002A8D92 /* Build configuration list for PBXNativeTarget "WeiboDemo" */;
			buildPhases = (
				8D43859F2530A5E2002A8D92 /* Sources */,
				8D4385A02530A5E2002A8D92 /* Frameworks */,
				8D4385A12530A5E2002A8D92 /* Resources */,
			);
			buildRules = (
			);
			dependencies = (
			);
			name = WeiboDemo;
			productName = WeiboDemo;
			productReference = 8D4385A32530A5E2002A8D92 /* WeiboDemo.app */;
			productType = "com.apple.product-type.application";
		};
		8D4385B82530A5E3002A8D92 /* WeiboDemoTests */ = {
			isa = PBXNativeTarget;
			buildConfigurationList = 8D4385D02530A5E3002A8D92 /* Build configuration list for PBXNativeTarget "WeiboDemoTests" */;
			buildPhases = (
				8D4385B52530A5E3002A8D92 /* Sources */,
				8D4385B62530A5E3002A8D92 /* Frameworks */,
				8D4385B72530A5E3002A8D92 /* Resources */,
			);
			buildRules = (
			);
			dependencies = (
				8D4385BB2530A5E3002A8D92 /* PBXTargetDependency */,
			);
			name = WeiboDemoTests;
			productName = WeiboDemoTests;
			productReference = 8D4385B92530A5E3002A8D92 /* WeiboDemoTests.xctest */;
			productType = "com.apple.product-type.bundle.unit-test";
		};
		8D4385C32530A5E3002A8D92 /* WeiboDemoUITests */ = {
			isa = PBXNativeTarget;
			buildConfigurationList = 8D4385D32530A5E3002A8D92 /* Build configuration list for PBXNativeTarget "WeiboDemoUITests" */;
			buildPhases = (
				8D4385C02530A5E3002A8D92 /* Sources */,
				8D4385C12530A5E3002A8D92 /* Frameworks */,
				8D4385C22530A5E3002A8D92 /* Resources */,
			);
			buildRules = (
			);
			dependencies = (
				8D4385C62530A5E3002A8D92 /* PBXTargetDependency */,
			);
			name = WeiboDemoUITests;
			productName = WeiboDemoUITests;
			productReference = 8D4385C42530A5E3002A8D92 /* WeiboDemoUITests.xctest */;
			productType = "com.apple.product-type.bundle.ui-testing";
		};
/* End PBXNativeTarget section */

/* Begin PBXProject section */
		8D43859B2530A5E2002A8D92 /* Project object */ = {
			isa = PBXProject;
			attributes = {
				LastSwiftUpdateCheck = 1200;
				LastUpgradeCheck = 1200;
				TargetAttributes = {
					8D4385A22530A5E2002A8D92 = {
						CreatedOnToolsVersion = 12.0.1;
					};
					8D4385B82530A5E3002A8D92 = {
						CreatedOnToolsVersion = 12.0.1;
						TestTargetID = 8D4385A22530A5E2002A8D92;
					};
					8D4385C32530A5E3002A8D92 = {
						CreatedOnToolsVersion = 12.0.1;
						TestTargetID = 8D4385A22530A5E2002A8D92;
					};
				};
			};
			buildConfigurationList = 8D43859E2530A5E2002A8D92 /* Build configuration list for PBXProject "WeiboDemo" */;
			compatibilityVersion = "Xcode 9.3";
			developmentRegion = en;
			hasScannedForEncodings = 0;
			knownRegions = (
				en,
				Base,
			);
			mainGroup = 8D43859A2530A5E2002A8D92;
			productRefGroup = 8D4385A42530A5E2002A8D92 /* Products */;
			projectDirPath = "";
			projectRoot = "";
			targets = (
				8D4385A22530A5E2002A8D92 /* WeiboDemo */,
				8D4385B82530A5E3002A8D92 /* WeiboDemoTests */,
				8D4385C32530A5E3002A8D92 /* WeiboDemoUITests */,
			);
		};
/* End PBXProject section */

/* Begin PBXResourcesBuildPhase section */
		8D4385A12530A5E2002A8D92 /* Resources */ = {
			isa = PBXResourcesBuildPhase;
			buildActionMask = 2147483647;
			files = (
				8D4385B32530A5E3002A8D92 /* LaunchScreen.storyboard in Resources */,
				8D4385B02530A5E3002A8D92 /* Preview Assets.xcassets in Resources */,
				8D4385AD2530A5E3002A8D92 /* Assets.xcassets in Resources */,
			);
			runOnlyForDeploymentPostprocessing = 0;
		};
		8D4385B72530A5E3002A8D92 /* Resources */ = {
			isa = PBXResourcesBuildPhase;
			buildActionMask = 2147483647;
			files = (
			);
			runOnlyForDeploymentPostprocessing = 0;
		};
		8D4385C22530A5E3002A8D92 /* Resources */ = {
			isa = PBXResourcesBuildPhase;
			buildActionMask = 2147483647;
			files = (
			);
			runOnlyForDeploymentPostprocessing = 0;
		};
/* End PBXResourcesBuildPhase section */

/* Begin PBXSourcesBuildPhase section */
		8D43859F2530A5E2002A8D92 /* Sources */ = {
			isa = PBXSourcesBuildPhase;
			buildActionMask = 2147483647;
			files = (
				8D4385A72530A5E2002A8D92 /* AppDelegate.swift in Sources */,
				8D4385A92530A5E2002A8D92 /* SceneDelegate.swift in Sources */,
				8D4385AB2530A5E2002A8D92 /* ContentView.swift in Sources */,
			);
			runOnlyForDeploymentPostprocessing = 0;
		};
		8D4385B52530A5E3002A8D92 /* Sources */ = {
			isa = PBXSourcesBuildPhase;
			buildActionMask = 2147483647;
			files = (
				8D4385BE2530A5E3002A8D92 /* WeiboDemoTests.swift in Sources */,
			);
			runOnlyForDeploymentPostprocessing = 0;
		};
		8D4385C02530A5E3002A8D92 /* Sources */ = {
			isa = PBXSourcesBuildPhase;
			buildActionMask = 2147483647;
			files = (
				8D4385C92530A5E3002A8D92 /* WeiboDemoUITests.swift in Sources */,
			);
			runOnlyForDeploymentPostprocessing = 0;
		};
/* End PBXSourcesBuildPhase section */

/* Begin PBXTargetDependency section */
		8D4385BB2530A5E3002A8D92 /* PBXTargetDependency */ = {
			isa = PBXTargetDependency;
			target = 8D4385A22530A5E2002A8D92 /* WeiboDemo */;
			targetProxy = 8D4385BA2530A5E3002A8D92 /* PBXContainerItemProxy */;
		};
		8D4385C62530A5E3002A8D92 /* PBXTargetDependency */ = {
			isa = PBXTargetDependency;
			target = 8D4385A22530A5E2002A8D92 /* WeiboDemo */;
			targetProxy = 8D4385C52530A5E3002A8D92 /* PBXContainerItemProxy */;
		};
/* End PBXTargetDependency section */

/* Begin PBXVariantGroup section */
		8D4385B12530A5E3002A8D92 /* LaunchScreen.storyboard */ = {
			isa = PBXVariantGroup;
			children = (
				8D4385B22530A5E3002A8D92 /* Base */,
			);
			name = LaunchScreen.storyboard;
			sourceTree = "<group>";
		};
/* End PBXVariantGroup section */

/* Begin XCBuildConfiguration section */
		8D4385CB2530A5E3002A8D92 /* Debug */ = {
			isa = XCBuildConfiguration;
			buildSettings = {
				ALWAYS_SEARCH_USER_PATHS = NO;
				CLANG_ANALYZER_NONNULL = YES;
				CLANG_ANALYZER_NUMBER_OBJECT_CONVERSION = YES_AGGRESSIVE;
				CLANG_CXX_LANGUAGE_STANDARD = "gnu++14";
				CLANG_CXX_LIBRARY = "libc++";
				CLANG_ENABLE_MODULES = YES;
				CLANG_ENABLE_OBJC_ARC = YES;
				CLANG_ENABLE_OBJC_WEAK = YES;
				CLANG_WARN_BLOCK_CAPTURE_AUTORELEASING = YES;
				CLANG_WARN_BOOL_CONVERSION = YES;
				CLANG_WARN_COMMA = YES;
				CLANG_WARN_CONSTANT_CONVERSION = YES;
				CLANG_WARN_DEPRECATED_OBJC_IMPLEMENTATIONS = YES;
				CLANG_WARN_DIRECT_OBJC_ISA_USAGE = YES_ERROR;
				CLANG_WARN_DOCUMENTATION_COMMENTS = YES;
				CLANG_WARN_EMPTY_BODY = YES;
				CLANG_WARN_ENUM_CONVERSION = YES;
				CLANG_WARN_INFINITE_RECURSION = YES;
				CLANG_WARN_INT_CONVERSION = YES;
				CLANG_WARN_NON_LITERAL_NULL_CONVERSION = YES;
				CLANG_WARN_OBJC_IMPLICIT_RETAIN_SELF = YES;
				CLANG_WARN_OBJC_LITERAL_CONVERSION = YES;
				CLANG_WARN_OBJC_ROOT_CLASS = YES_ERROR;
				CLANG_WARN_QUOTED_INCLUDE_IN_FRAMEWORK_HEADER = YES;
				CLANG_WARN_RANGE_LOOP_ANALYSIS = YES;
				CLANG_WARN_STRICT_PROTOTYPES = YES;
				CLANG_WARN_SUSPICIOUS_MOVE = YES;
				CLANG_WARN_UNGUARDED_AVAILABILITY = YES_AGGRESSIVE;
				CLANG_WARN_UNREACHABLE_CODE = YES;
				CLANG_WARN__DUPLICATE_METHOD_MATCH = YES;
				COPY_PHASE_STRIP = NO;
				DEBUG_INFORMATION_FORMAT = dwarf;
				ENABLE_STRICT_OBJC_MSGSEND = YES;
				ENABLE_TESTABILITY = YES;
				GCC_C_LANGUAGE_STANDARD = gnu11;
				GCC_DYNAMIC_NO_PIC = NO;
				GCC_NO_COMMON_BLOCKS = YES;
				GCC_OPTIMIZATION_LEVEL = 0;
				GCC_PREPROCESSOR_DEFINITIONS = (
					"DEBUG=1",
					"$(inherited)",
				);
				GCC_WARN_64_TO_32_BIT_CONVERSION = YES;
				GCC_WARN_ABOUT_RETURN_TYPE = YES_ERROR;
				GCC_WARN_UNDECLARED_SELECTOR = YES;
				GCC_WARN_UNINITIALIZED_AUTOS = YES_AGGRESSIVE;
				GCC_WARN_UNUSED_FUNCTION = YES;
				GCC_WARN_UNUSED_VARIABLE = YES;
				IPHONEOS_DEPLOYMENT_TARGET = 14.0;
				MTL_ENABLE_DEBUG_INFO = INCLUDE_SOURCE;
				MTL_FAST_MATH = YES;
				ONLY_ACTIVE_ARCH = YES;
				SDKROOT = iphoneos;
				SWIFT_ACTIVE_COMPILATION_CONDITIONS = DEBUG;
				SWIFT_OPTIMIZATION_LEVEL = "-Onone";
			};
			name = Debug;
		};
		8D4385CC2530A5E3002A8D92 /* Release */ = {
			isa = XCBuildConfiguration;
			buildSettings = {
				ALWAYS_SEARCH_USER_PATHS = NO;
				CLANG_ANALYZER_NONNULL = YES;
				CLANG_ANALYZER_NUMBER_OBJECT_CONVERSION = YES_AGGRESSIVE;
				CLANG_CXX_LANGUAGE_STANDARD = "gnu++14";
				CLANG_CXX_LIBRARY = "libc++";
				CLANG_ENABLE_MODULES = YES;
				CLANG_ENABLE_OBJC_ARC = YES;
				CLANG_ENABLE_OBJC_WEAK = YES;
				CLANG_WARN_BLOCK_CAPTURE_AUTORELEASING = YES;
				CLANG_WARN_BOOL_CONVERSION = YES;
				CLANG_WARN_COMMA = YES;
				CLANG_WARN_CONSTANT_CONVERSION = YES;
				CLANG_WARN_DEPRECATED_OBJC_IMPLEMENTATIONS = YES;
				CLANG_WARN_DIRECT_OBJC_ISA_USAGE = YES_ERROR;
				CLANG_WARN_DOCUMENTATION_COMMENTS = YES;
				CLANG_WARN_EMPTY_BODY = YES;
				CLANG_WARN_ENUM_CONVERSION = YES;
				CLANG_WARN_INFINITE_RECURSION = YES;
				CLANG_WARN_INT_CONVERSION = YES;
				CLANG_WARN_NON_LITERAL_NULL_CONVERSION = YES;
				CLANG_WARN_OBJC_IMPLICIT_RETAIN_SELF = YES;
				CLANG_WARN_OBJC_LITERAL_CONVERSION = YES;
				CLANG_WARN_OBJC_ROOT_CLASS = YES_ERROR;
				CLANG_WARN_QUOTED_INCLUDE_IN_FRAMEWORK_HEADER = YES;
				CLANG_WARN_RANGE_LOOP_ANALYSIS = YES;
				CLANG_WARN_STRICT_PROTOTYPES = YES;
				CLANG_WARN_SUSPICIOUS_MOVE = YES;
				CLANG_WARN_UNGUARDED_AVAILABILITY = YES_AGGRESSIVE;
				CLANG_WARN_UNREACHABLE_CODE = YES;
				CLANG_WARN__DUPLICATE_METHOD_MATCH = YES;
				COPY_PHASE_STRIP = NO;
				DEBUG_INFORMATION_FORMAT = "dwarf-with-dsym";
				ENABLE_NS_ASSERTIONS = NO;
				ENABLE_STRICT_OBJC_MSGSEND = YES;
				GCC_C_LANGUAGE_STANDARD = gnu11;
				GCC_NO_COMMON_BLOCKS = YES;
				GCC_WARN_64_TO_32_BIT_CONVERSION = YES;
				GCC_WARN_ABOUT_RETURN_TYPE = YES_ERROR;
				GCC_WARN_UNDECLARED_SELECTOR = YES;
				GCC_WARN_UNINITIALIZED_AUTOS = YES_AGGRESSIVE;
				GCC_WARN_UNUSED_FUNCTION = YES;
				GCC_WARN_UNUSED_VARIABLE = YES;
				IPHONEOS_DEPLOYMENT_TARGET = 14.0;
				MTL_ENABLE_DEBUG_INFO = NO;
				MTL_FAST_MATH = YES;
				SDKROOT = iphoneos;
				SWIFT_COMPILATION_MODE = wholemodule;
				SWIFT_OPTIMIZATION_LEVEL = "-O";
				VALIDATE_PRODUCT = YES;
			};
			name = Release;
		};
		8D4385CE2530A5E3002A8D92 /* Debug */ = {
			isa = XCBuildConfiguration;
			buildSettings = {
				ASSETCATALOG_COMPILER_APPICON_NAME = AppIcon;
				ASSETCATALOG_COMPILER_GLOBAL_ACCENT_COLOR_NAME = AccentColor;
				CODE_SIGN_STYLE = Automatic;
				DEVELOPMENT_ASSET_PATHS = "\"WeiboDemo/Preview Content\"";
				DEVELOPMENT_TEAM = 6BC83FGPFY;
				ENABLE_PREVIEWS = YES;
				INFOPLIST_FILE = WeiboDemo/Info.plist;
				LD_RUNPATH_SEARCH_PATHS = (
					"$(inherited)",
					"@executable_path/Frameworks",
				);
				PRODUCT_BUNDLE_IDENTIFIER = lxd.WeiboDemo;
				PRODUCT_NAME = "$(TARGET_NAME)";
				SWIFT_VERSION = 5.0;
				TARGETED_DEVICE_FAMILY = "1,2";
			};
			name = Debug;
		};
		8D4385CF2530A5E3002A8D92 /* Release */ = {
			isa = XCBuildConfiguration;
			buildSettings = {
				ASSETCATALOG_COMPILER_APPICON_NAME = AppIcon;
				ASSETCATALOG_COMPILER_GLOBAL_ACCENT_COLOR_NAME = AccentColor;
				CODE_SIGN_STYLE = Automatic;
				DEVELOPMENT_ASSET_PATHS = "\"WeiboDemo/Preview Content\"";
				DEVELOPMENT_TEAM = 6BC83FGPFY;
				ENABLE_PREVIEWS = YES;
				INFOPLIST_FILE = WeiboDemo/Info.plist;
				LD_RUNPATH_SEARCH_PATHS = (
					"$(inherited)",
					"@executable_path/Frameworks",
				);
				PRODUCT_BUNDLE_IDENTIFIER = lxd.WeiboDemo;
				PRODUCT_NAME = "$(TARGET_NAME)";
				SWIFT_VERSION = 5.0;
				TARGETED_DEVICE_FAMILY = "1,2";
			};
			name = Release;
		};
		8D4385D12530A5E3002A8D92 /* Debug */ = {
			isa = XCBuildConfiguration;
			buildSettings = {
				ALWAYS_EMBED_SWIFT_STANDARD_LIBRARIES = YES;
				BUNDLE_LOADER = "$(TEST_HOST)";
				CODE_SIGN_STYLE = Automatic;
				DEVELOPMENT_TEAM = 6BC83FGPFY;
				INFOPLIST_FILE = WeiboDemoTests/Info.plist;
				IPHONEOS_DEPLOYMENT_TARGET = 14.0;
				LD_RUNPATH_SEARCH_PATHS = (
					"$(inherited)",
					"@executable_path/Frameworks",
					"@loader_path/Frameworks",
				);
				PRODUCT_BUNDLE_IDENTIFIER = lxd.WeiboDemoTests;
				PRODUCT_NAME = "$(TARGET_NAME)";
				SWIFT_VERSION = 5.0;
				TARGETED_DEVICE_FAMILY = "1,2";
				TEST_HOST = "$(BUILT_PRODUCTS_DIR)/WeiboDemo.app/WeiboDemo";
			};
			name = Debug;
		};
		8D4385D22530A5E3002A8D92 /* Release */ = {
			isa = XCBuildConfiguration;
			buildSettings = {
				ALWAYS_EMBED_SWIFT_STANDARD_LIBRARIES = YES;
				BUNDLE_LOADER = "$(TEST_HOST)";
				CODE_SIGN_STYLE = Automatic;
				DEVELOPMENT_TEAM = 6BC83FGPFY;
				INFOPLIST_FILE = WeiboDemoTests/Info.plist;
				IPHONEOS_DEPLOYMENT_TARGET = 14.0;
				LD_RUNPATH_SEARCH_PATHS = (
					"$(inherited)",
					"@executable_path/Frameworks",
					"@loader_path/Frameworks",
				);
				PRODUCT_BUNDLE_IDENTIFIER = lxd.WeiboDemoTests;
				PRODUCT_NAME = "$(TARGET_NAME)";
				SWIFT_VERSION = 5.0;
				TARGETED_DEVICE_FAMILY = "1,2";
				TEST_HOST = "$(BUILT_PRODUCTS_DIR)/WeiboDemo.app/WeiboDemo";
			};
			name = Release;
		};
		8D4385D42530A5E3002A8D92 /* Debug */ = {
			isa = XCBuildConfiguration;
			buildSettings = {
				ALWAYS_EMBED_SWIFT_STANDARD_LIBRARIES = YES;
				CODE_SIGN_STYLE = Automatic;
				DEVELOPMENT_TEAM = 6BC83FGPFY;
				INFOPLIST_FILE = WeiboDemoUITests/Info.plist;
				LD_RUNPATH_SEARCH_PATHS = (
					"$(inherited)",
					"@executable_path/Frameworks",
					"@loader_path/Frameworks",
				);
				PRODUCT_BUNDLE_IDENTIFIER = lxd.WeiboDemoUITests;
				PRODUCT_NAME = "$(TARGET_NAME)";
				SWIFT_VERSION = 5.0;
				TARGETED_DEVICE_FAMILY = "1,2";
				TEST_TARGET_NAME = WeiboDemo;
			};
			name = Debug;
		};
		8D4385D52530A5E3002A8D92 /* Release */ = {
			isa = XCBuildConfiguration;
			buildSettings = {
				ALWAYS_EMBED_SWIFT_STANDARD_LIBRARIES = YES;
				CODE_SIGN_STYLE = Automatic;
				DEVELOPMENT_TEAM = 6BC83FGPFY;
				INFOPLIST_FILE = WeiboDemoUITests/Info.plist;
				LD_RUNPATH_SEARCH_PATHS = (
					"$(inherited)",
					"@executable_path/Frameworks",
					"@loader_path/Frameworks",
				);
				PRODUCT_BUNDLE_IDENTIFIER = lxd.WeiboDemoUITests;
				PRODUCT_NAME = "$(TARGET_NAME)";
				SWIFT_VERSION = 5.0;
				TARGETED_DEVICE_FAMILY = "1,2";
				TEST_TARGET_NAME = WeiboDemo;
			};
			name = Release;
		};
/* End XCBuildConfiguration section */

/* Begin XCConfigurationList section */
		8D43859E2530A5E2002A8D92 /* Build configuration list for PBXProject "WeiboDemo" */ = {
			isa = XCConfigurationList;
			buildConfigurations = (
				8D4385CB2530A5E3002A8D92 /* Debug */,
				8D4385CC2530A5E3002A8D92 /* Release */,
			);
			defaultConfigurationIsVisible = 0;
			defaultConfigurationName = Release;
		};
		8D4385CD2530A5E3002A8D92 /* Build configuration list for PBXNativeTarget "WeiboDemo" */ = {
			isa = XCConfigurationList;
			buildConfigurations = (
				8D4385CE2530A5E3002A8D92 /* Debug */,
				8D4385CF2530A5E3002A8D92 /* Release */,
			);
			defaultConfigurationIsVisible = 0;
			defaultConfigurationName = Release;
		};
		8D4385D02530A5E3002A8D92 /* Build configuration list for PBXNativeTarget "WeiboDemoTests" */ = {
			isa = XCConfigurationList;
			buildConfigurations = (
				8D4385D12530A5E3002A8D92 /* Debug */,
				8D4385D22530A5E3002A8D92 /* Release */,
			);
			defaultConfigurationIsVisible = 0;
			defaultConfigurationName = Release;
		};
		8D4385D32530A5E3002A8D92 /* Build configuration list for PBXNativeTarget "WeiboDemoUITests" */ = {
			isa = XCConfigurationList;
			buildConfigurations = (
				8D4385D42530A5E3002A8D92 /* Debug */,
				8D4385D52530A5E3002A8D92 /* Release */,
			);
			defaultConfigurationIsVisible = 0;
			defaultConfigurationName = Release;
		};
/* End XCConfigurationList section */
	};
	rootObject = 8D43859B2530A5E2002A8D92 /* Project object */;
}
